
Microsoft Visual Studio Solution File, Format Version 12.00
# Visual Studio Version 16
VisualStudioVersion = 16.0.30413.136
MinimumVisualStudioVersion = 10.0.40219.1
Project("{9A19103F-16F7-4668-BE54-9A1E7A4F7556}") = "TwitchWhitelist", "TwitchWhitelist\TwitchWhitelist.csproj", "{8E4ED3C4-FD36-43D3-AADA-795431A92257}"
EndProject
Global
	GlobalSection(SolutionConfigurationPlatforms) = preSolution
		Debug|Any CPU = Debug|Any CPU
		Release|Any CPU = Release|Any CPU
	EndGlobalSection
	GlobalSection(ProjectConfigurationPlatforms) = postSolution
		{8E4ED3C4-FD36-43D3-AADA-795431A92257}.Debug|Any CPU.ActiveCfg = Debug|Any CPU
		{8E4ED3C4-FD36-43D3-AADA-795431A92257}.Debug|Any CPU.Build.0 = Debug|Any CPU
		{8E4ED3C4-FD36-43D3-AADA-795431A92257}.Release|Any CPU.ActiveCfg = Release|Any CPU
		{8E4ED3C4-FD36-43D3-AADA-795431A92257}.Release|Any CPU.Build.0 = Release|Any CPU
	EndGlobalSection
	GlobalSection(SolutionProperties) = preSolution
		HideSolutionNode = FALSE
	EndGlobalSection
	GlobalSection(ExtensibilityGlobals) = postSolution
		SolutionGuid = {DDBB634E-7639-4A88-A4A5-77AAABAFA26A}
	EndGlobalSection
EndGlobal
