
Microsoft Visual Studio Solution File, Format Version 12.00
# Visual Studio 15
VisualStudioVersion = 15.0.27130.2027
MinimumVisualStudioVersion = 10.0.40219.1
Project("{FAE04EC0-301F-11D3-BF4B-00C04F79EFBC}") = "TwitchWhitelist", "TwitchWhitelist\TwitchWhitelist.csproj", "{57BFDBDA-0C87-4FAD-88A1-5EEF13CCEB23}"
EndProject
Global
	GlobalSection(SolutionConfigurationPlatforms) = preSolution
		Debug|Any CPU = Debug|Any CPU
		Release|Any CPU = Release|Any CPU
	EndGlobalSection
	GlobalSection(ProjectConfigurationPlatforms) = postSolution
		{57BFDBDA-0C87-4FAD-88A1-5EEF13CCEB23}.Debug|Any CPU.ActiveCfg = Debug|Any CPU
		{57BFDBDA-0C87-4FAD-88A1-5EEF13CCEB23}.Debug|Any CPU.Build.0 = Debug|Any CPU
		{57BFDBDA-0C87-4FAD-88A1-5EEF13CCEB23}.Release|Any CPU.ActiveCfg = Release|Any CPU
		{57BFDBDA-0C87-4FAD-88A1-5EEF13CCEB23}.Release|Any CPU.Build.0 = Release|Any CPU
	EndGlobalSection
	GlobalSection(SolutionProperties) = preSolution
		HideSolutionNode = FALSE
	EndGlobalSection
	GlobalSection(ExtensibilityGlobals) = postSolution
		SolutionGuid = {DDBB634E-7639-4A88-A4A5-77AAABAFA26A}
	EndGlobalSection
EndGlobal
